
Microsoft Visual Studio Solution File, Format Version 12.00
# Visual Studio Version 16
VisualStudioVersion = 16.0.29509.3
MinimumVisualStudioVersion = 10.0.40219.1
Project("{FAE04EC0-301F-11D3-BF4B-00C04F79EFBC}") = "ByudgetTracker.Android", "ByudgetTracker\ByudgetTracker.Android\ByudgetTracker.Android.csproj", "{8538FC72-531E-4735-AFD4-D6C2E26CD862}"
EndProject
Project("{FAE04EC0-301F-11D3-BF4B-00C04F79EFBC}") = "ByudgetTracker.iOS", "ByudgetTracker\ByudgetTracker.iOS\ByudgetTracker.iOS.csproj", "{5E5F821B-C355-4D4B-9D11-431880D81480}"
EndProject
Project("{FAE04EC0-301F-11D3-BF4B-00C04F79EFBC}") = "ByudgetTracker", "ByudgetTracker\ByudgetTracker\ByudgetTracker.csproj", "{67A8D641-761D-4A7D-8C77-C9F0AE061089}"
EndProject
Global
	GlobalSection(SolutionConfigurationPlatforms) = preSolution
		Debug|Any CPU = Debug|Any CPU
		Debug|iPhone = Debug|iPhone
		Debug|iPhoneSimulator = Debug|iPhoneSimulator
		Release|Any CPU = Release|Any CPU
		Release|iPhone = Release|iPhone
		Release|iPhoneSimulator = Release|iPhoneSimulator
	EndGlobalSection
	GlobalSection(ProjectConfigurationPlatforms) = postSolution
		{8538FC72-531E-4735-AFD4-D6C2E26CD862}.Debug|Any CPU.ActiveCfg = Debug|Any CPU
		{8538FC72-531E-4735-AFD4-D6C2E26CD862}.Debug|Any CPU.Build.0 = Debug|Any CPU
		{8538FC72-531E-4735-AFD4-D6C2E26CD862}.Debug|Any CPU.Deploy.0 = Debug|Any CPU
		{8538FC72-531E-4735-AFD4-D6C2E26CD862}.Debug|iPhone.ActiveCfg = Debug|Any CPU
		{8538FC72-531E-4735-AFD4-D6C2E26CD862}.Debug|iPhone.Build.0 = Debug|Any CPU
		{8538FC72-531E-4735-AFD4-D6C2E26CD862}.Debug|iPhone.Deploy.0 = Debug|Any CPU
		{8538FC72-531E-4735-AFD4-D6C2E26CD862}.Debug|iPhoneSimulator.ActiveCfg = Debug|Any CPU
		{8538FC72-531E-4735-AFD4-D6C2E26CD862}.Debug|iPhoneSimulator.Build.0 = Debug|Any CPU
		{8538FC72-531E-4735-AFD4-D6C2E26CD862}.Debug|iPhoneSimulator.Deploy.0 = Debug|Any CPU
		{8538FC72-531E-4735-AFD4-D6C2E26CD862}.Release|Any CPU.ActiveCfg = Release|Any CPU
		{8538FC72-531E-4735-AFD4-D6C2E26CD862}.Release|Any CPU.Build.0 = Release|Any CPU
		{8538FC72-531E-4735-AFD4-D6C2E26CD862}.Release|Any CPU.Deploy.0 = Release|Any CPU
		{8538FC72-531E-4735-AFD4-D6C2E26CD862}.Release|iPhone.ActiveCfg = Release|Any CPU
		{8538FC72-531E-4735-AFD4-D6C2E26CD862}.Release|iPhone.Build.0 = Release|Any CPU
		{8538FC72-531E-4735-AFD4-D6C2E26CD862}.Release|iPhone.Deploy.0 = Release|Any CPU
		{8538FC72-531E-4735-AFD4-D6C2E26CD862}.Release|iPhoneSimulator.ActiveCfg = Release|Any CPU
		{8538FC72-531E-4735-AFD4-D6C2E26CD862}.Release|iPhoneSimulator.Build.0 = Release|Any CPU
		{8538FC72-531E-4735-AFD4-D6C2E26CD862}.Release|iPhoneSimulator.Deploy.0 = Release|Any CPU
		{5E5F821B-C355-4D4B-9D11-431880D81480}.Debug|Any CPU.ActiveCfg = Debug|iPhoneSimulator
		{5E5F821B-C355-4D4B-9D11-431880D81480}.Debug|Any CPU.Build.0 = Debug|iPhoneSimulator
		{5E5F821B-C355-4D4B-9D11-431880D81480}.Debug|Any CPU.Deploy.0 = Debug|iPhoneSimulator
		{5E5F821B-C355-4D4B-9D11-431880D81480}.Debug|iPhone.ActiveCfg = Debug|iPhone
		{5E5F821B-C355-4D4B-9D11-431880D81480}.Debug|iPhone.Build.0 = Debug|iPhone
		{5E5F821B-C355-4D4B-9D11-431880D81480}.Debug|iPhone.Deploy.0 = Debug|iPhone
		{5E5F821B-C355-4D4B-9D11-431880D81480}.Debug|iPhoneSimulator.ActiveCfg = Debug|iPhoneSimulator
		{5E5F821B-C355-4D4B-9D11-431880D81480}.Debug|iPhoneSimulator.Build.0 = Debug|iPhoneSimulator
		{5E5F821B-C355-4D4B-9D11-431880D81480}.Debug|iPhoneSimulator.Deploy.0 = Debug|iPhoneSimulator
		{5E5F821B-C355-4D4B-9D11-431880D81480}.Release|Any CPU.ActiveCfg = Release|iPhone
		{5E5F821B-C355-4D4B-9D11-431880D81480}.Release|Any CPU.Build.0 = Release|iPhone
		{5E5F821B-C355-4D4B-9D11-431880D81480}.Release|Any CPU.Deploy.0 = Release|iPhone
		{5E5F821B-C355-4D4B-9D11-431880D81480}.Release|iPhone.ActiveCfg = Release|iPhone
		{5E5F821B-C355-4D4B-9D11-431880D81480}.Release|iPhone.Build.0 = Release|iPhone
		{5E5F821B-C355-4D4B-9D11-431880D81480}.Release|iPhone.Deploy.0 = Release|iPhone
		{5E5F821B-C355-4D4B-9D11-431880D81480}.Release|iPhoneSimulator.ActiveCfg = Release|iPhoneSimulator
		{5E5F821B-C355-4D4B-9D11-431880D81480}.Release|iPhoneSimulator.Build.0 = Release|iPhoneSimulator
		{5E5F821B-C355-4D4B-9D11-431880D81480}.Release|iPhoneSimulator.Deploy.0 = Release|iPhoneSimulator
		{67A8D641-761D-4A7D-8C77-C9F0AE061089}.Debug|Any CPU.ActiveCfg = Debug|Any CPU
		{67A8D641-761D-4A7D-8C77-C9F0AE061089}.Debug|Any CPU.Build.0 = Debug|Any CPU
		{67A8D641-761D-4A7D-8C77-C9F0AE061089}.Debug|Any CPU.Deploy.0 = Debug|Any CPU
		{67A8D641-761D-4A7D-8C77-C9F0AE061089}.Debug|iPhone.ActiveCfg = Debug|Any CPU
		{67A8D641-761D-4A7D-8C77-C9F0AE061089}.Debug|iPhone.Build.0 = Debug|Any CPU
		{67A8D641-761D-4A7D-8C77-C9F0AE061089}.Debug|iPhone.Deploy.0 = Debug|Any CPU
		{67A8D641-761D-4A7D-8C77-C9F0AE061089}.Debug|iPhoneSimulator.ActiveCfg = Debug|Any CPU
		{67A8D641-761D-4A7D-8C77-C9F0AE061089}.Debug|iPhoneSimulator.Build.0 = Debug|Any CPU
		{67A8D641-761D-4A7D-8C77-C9F0AE061089}.Debug|iPhoneSimulator.Deploy.0 = Debug|Any CPU
		{67A8D641-761D-4A7D-8C77-C9F0AE061089}.Release|Any CPU.ActiveCfg = Release|Any CPU
		{67A8D641-761D-4A7D-8C77-C9F0AE061089}.Release|Any CPU.Build.0 = Release|Any CPU
		{67A8D641-761D-4A7D-8C77-C9F0AE061089}.Release|Any CPU.Deploy.0 = Release|Any CPU
		{67A8D641-761D-4A7D-8C77-C9F0AE061089}.Release|iPhone.ActiveCfg = Release|Any CPU
		{67A8D641-761D-4A7D-8C77-C9F0AE061089}.Release|iPhone.Build.0 = Release|Any CPU
		{67A8D641-761D-4A7D-8C77-C9F0AE061089}.Release|iPhone.Deploy.0 = Release|Any CPU
		{67A8D641-761D-4A7D-8C77-C9F0AE061089}.Release|iPhoneSimulator.ActiveCfg = Release|Any CPU
		{67A8D641-761D-4A7D-8C77-C9F0AE061089}.Release|iPhoneSimulator.Build.0 = Release|Any CPU
		{67A8D641-761D-4A7D-8C77-C9F0AE061089}.Release|iPhoneSimulator.Deploy.0 = Release|Any CPU
	EndGlobalSection
	GlobalSection(SolutionProperties) = preSolution
		HideSolutionNode = FALSE
	EndGlobalSection
	GlobalSection(ExtensibilityGlobals) = postSolution
		SolutionGuid = {2FE2E5EA-1823-42DE-B62F-A1FD99F63943}
	EndGlobalSection
EndGlobal
